// !$*UTF8*$!
{
	archiveVersion = 1;
	classes = {
	};
	objectVersion = 50;
	objects = {

/* Begin PBXBuildFile section */
		2C1CC9102698D030004410CA /* MapView.swift in Sources */ = {isa = PBXBuildFile; fileRef = 2C1CC90F2698D030004410CA /* MapView.swift */; };
		2C5169012699A7C60051040F /* Prgrammer.swift in Sources */ = {isa = PBXBuildFile; fileRef = 2C5169002699A7C60051040F /* Prgrammer.swift */; };
		2C5169022699A7C60051040F /* Prgrammer.swift in Sources */ = {isa = PBXBuildFile; fileRef = 2C5169002699A7C60051040F /* Prgrammer.swift */; };
		2C89C9792698B18A00A18DF3 /* Tests_iOS.swift in Sources */ = {isa = PBXBuildFile; fileRef = 2C89C9782698B18A00A18DF3 /* Tests_iOS.swift */; };
		2C89C9842698B18A00A18DF3 /* Tests_macOS.swift in Sources */ = {isa = PBXBuildFile; fileRef = 2C89C9832698B18A00A18DF3 /* Tests_macOS.swift */; };
		2C89C9862698B18A00A18DF3 /* PrimeraAPPApp.swift in Sources */ = {isa = PBXBuildFile; fileRef = 2C89C95D2698B18700A18DF3 /* PrimeraAPPApp.swift */; };
		2C89C9872698B18A00A18DF3 /* PrimeraAPPApp.swift in Sources */ = {isa = PBXBuildFile; fileRef = 2C89C95D2698B18700A18DF3 /* PrimeraAPPApp.swift */; };
		2CEB38DE2699FAFD001860D3 /* Pizza.swift in Sources */ = {isa = PBXBuildFile; fileRef = 2CEB38DD2699FAFD001860D3 /* Pizza.swift */; };
		2CEB38E4269A0332001860D3 /* SeleccionView.swift in Sources */ = {isa = PBXBuildFile; fileRef = 2CEB38E3269A0332001860D3 /* SeleccionView.swift */; };
		2CEB3902269A08CA001860D3 /* Item.swift in Sources */ = {isa = PBXBuildFile; fileRef = 2CEB3901269A08CA001860D3 /* Item.swift */; };
		2CED4886269B4A1300A95C05 /* NumeroYDireccionView.swift in Sources */ = {isa = PBXBuildFile; fileRef = 2CED4885269B4A1300A95C05 /* NumeroYDireccionView.swift */; };
		2CED4895269B591900A95C05 /* TextFieldAlertViewController.swift in Sources */ = {isa = PBXBuildFile; fileRef = 2CED4894269B591900A95C05 /* TextFieldAlertViewController.swift */; };
		2CED48A7269B635300A95C05 /* Assets.xcassets in Resources */ = {isa = PBXBuildFile; fileRef = 2CED48A6269B635300A95C05 /* Assets.xcassets */; };
		2CED48B7269B684700A95C05 /* AcercaDeWebView.swift in Sources */ = {isa = PBXBuildFile; fileRef = 2CED48B6269B684700A95C05 /* AcercaDeWebView.swift */; };
		2CED48C5269B6A2700A95C05 /* AcercaDeView.swift in Sources */ = {isa = PBXBuildFile; fileRef = 2CED48C4269B6A2700A95C05 /* AcercaDeView.swift */; };
		2CF858C02699BC3A00290D47 /* MainView.swift in Sources */ = {isa = PBXBuildFile; fileRef = 2CF858BF2699BC3A00290D47 /* MainView.swift */; };
		2CF858CA2699C22C00290D47 /* PasoElegirMasa.swift in Sources */ = {isa = PBXBuildFile; fileRef = 2CF858C92699C22C00290D47 /* PasoElegirMasa.swift */; };
		2CF858D02699C23E00290D47 /* PasoElegirTamano.swift in Sources */ = {isa = PBXBuildFile; fileRef = 2CF858CF2699C23E00290D47 /* PasoElegirTamano.swift */; };
		2CF858D62699C25A00290D47 /* PasoElegirPizza.swift in Sources */ = {isa = PBXBuildFile; fileRef = 2CF858D52699C25A00290D47 /* PasoElegirPizza.swift */; };
		2CF858E02699C27000290D47 /* PasoElegirQueso.swift in Sources */ = {isa = PBXBuildFile; fileRef = 2CF858DF2699C27000290D47 /* PasoElegirQueso.swift */; };
		2CF858E62699C29900290D47 /* PasoElegirIngredientes.swift in Sources */ = {isa = PBXBuildFile; fileRef = 2CF858E52699C29900290D47 /* PasoElegirIngredientes.swift */; };
		2CF859402699C47D00290D47 /* PizzaItem.swift in Sources */ = {isa = PBXBuildFile; fileRef = 2CF8593F2699C47D00290D47 /* PizzaItem.swift */; };
		2CF8594A2699C58100290D47 /* PizzaItems.swift in Sources */ = {isa = PBXBuildFile; fileRef = 2CF859492699C58100290D47 /* PizzaItems.swift */; };
		2CFED063269B011300B27249 /* PasoConfirmarPedido.swift in Sources */ = {isa = PBXBuildFile; fileRef = 2CFED062269B011300B27249 /* PasoConfirmarPedido.swift */; };
/* End PBXBuildFile section */

/* Begin PBXContainerItemProxy section */
		2C89C9752698B18A00A18DF3 /* PBXContainerItemProxy */ = {
			isa = PBXContainerItemProxy;
			containerPortal = 2C89C9582698B18700A18DF3 /* Project object */;
			proxyType = 1;
			remoteGlobalIDString = 2C89C9632698B18900A18DF3;
			remoteInfo = "PrimeraAPP (iOS)";
		};
		2C89C9802698B18A00A18DF3 /* PBXContainerItemProxy */ = {
			isa = PBXContainerItemProxy;
			containerPortal = 2C89C9582698B18700A18DF3 /* Project object */;
			proxyType = 1;
			remoteGlobalIDString = 2C89C96B2698B18A00A18DF3;
			remoteInfo = "PrimeraAPP (macOS)";
		};
/* End PBXContainerItemProxy section */

/* Begin PBXFileReference section */
		2C1CC90F2698D030004410CA /* MapView.swift */ = {isa = PBXFileReference; lastKnownFileType = sourcecode.swift; path = MapView.swift; sourceTree = "<group>"; };
		2C5169002699A7C60051040F /* Prgrammer.swift */ = {isa = PBXFileReference; lastKnownFileType = sourcecode.swift; path = Prgrammer.swift; sourceTree = "<group>"; };
		2C89C95D2698B18700A18DF3 /* PrimeraAPPApp.swift */ = {isa = PBXFileReference; lastKnownFileType = sourcecode.swift; path = PrimeraAPPApp.swift; sourceTree = "<group>"; };
		2C89C9642698B18900A18DF3 /* PrimeraAPP.app */ = {isa = PBXFileReference; explicitFileType = wrapper.application; includeInIndex = 0; path = PrimeraAPP.app; sourceTree = BUILT_PRODUCTS_DIR; };
		2C89C9672698B18900A18DF3 /* Info.plist */ = {isa = PBXFileReference; lastKnownFileType = text.plist.xml; path = Info.plist; sourceTree = "<group>"; };
		2C89C96C2698B18A00A18DF3 /* PrimeraAPP.app */ = {isa = PBXFileReference; explicitFileType = wrapper.application; includeInIndex = 0; path = PrimeraAPP.app; sourceTree = BUILT_PRODUCTS_DIR; };
		2C89C96E2698B18A00A18DF3 /* Info.plist */ = {isa = PBXFileReference; lastKnownFileType = text.plist.xml; path = Info.plist; sourceTree = "<group>"; };
		2C89C96F2698B18A00A18DF3 /* macOS.entitlements */ = {isa = PBXFileReference; lastKnownFileType = text.plist.entitlements; path = macOS.entitlements; sourceTree = "<group>"; };
		2C89C9742698B18A00A18DF3 /* Tests iOS.xctest */ = {isa = PBXFileReference; explicitFileType = wrapper.cfbundle; includeInIndex = 0; path = "Tests iOS.xctest"; sourceTree = BUILT_PRODUCTS_DIR; };
		2C89C9782698B18A00A18DF3 /* Tests_iOS.swift */ = {isa = PBXFileReference; lastKnownFileType = sourcecode.swift; path = Tests_iOS.swift; sourceTree = "<group>"; };
		2C89C97A2698B18A00A18DF3 /* Info.plist */ = {isa = PBXFileReference; lastKnownFileType = text.plist.xml; path = Info.plist; sourceTree = "<group>"; };
		2C89C97F2698B18A00A18DF3 /* Tests macOS.xctest */ = {isa = PBXFileReference; explicitFileType = wrapper.cfbundle; includeInIndex = 0; path = "Tests macOS.xctest"; sourceTree = BUILT_PRODUCTS_DIR; };
		2C89C9832698B18A00A18DF3 /* Tests_macOS.swift */ = {isa = PBXFileReference; lastKnownFileType = sourcecode.swift; path = Tests_macOS.swift; sourceTree = "<group>"; };
		2C89C9852698B18A00A18DF3 /* Info.plist */ = {isa = PBXFileReference; lastKnownFileType = text.plist.xml; path = Info.plist; sourceTree = "<group>"; };
		2CEB38DD2699FAFD001860D3 /* Pizza.swift */ = {isa = PBXFileReference; lastKnownFileType = sourcecode.swift; path = Pizza.swift; sourceTree = "<group>"; };
		2CEB38E3269A0332001860D3 /* SeleccionView.swift */ = {isa = PBXFileReference; lastKnownFileType = sourcecode.swift; path = SeleccionView.swift; sourceTree = "<group>"; };
		2CEB3901269A08CA001860D3 /* Item.swift */ = {isa = PBXFileReference; lastKnownFileType = sourcecode.swift; path = Item.swift; sourceTree = "<group>"; };
		2CED4885269B4A1300A95C05 /* NumeroYDireccionView.swift */ = {isa = PBXFileReference; lastKnownFileType = sourcecode.swift; path = NumeroYDireccionView.swift; sourceTree = "<group>"; };
		2CED4894269B591900A95C05 /* TextFieldAlertViewController.swift */ = {isa = PBXFileReference; lastKnownFileType = sourcecode.swift; path = TextFieldAlertViewController.swift; sourceTree = "<group>"; };
		2CED48A6269B635300A95C05 /* Assets.xcassets */ = {isa = PBXFileReference; lastKnownFileType = folder.assetcatalog; name = Assets.xcassets; path = ../../../../.Trash/Assets.xcassets; sourceTree = "<group>"; };
		2CED48B6269B684700A95C05 /* AcercaDeWebView.swift */ = {isa = PBXFileReference; lastKnownFileType = sourcecode.swift; path = AcercaDeWebView.swift; sourceTree = "<group>"; };
		2CED48C4269B6A2700A95C05 /* AcercaDeView.swift */ = {isa = PBXFileReference; lastKnownFileType = sourcecode.swift; path = AcercaDeView.swift; sourceTree = "<group>"; };
		2CF858BF2699BC3A00290D47 /* MainView.swift */ = {isa = PBXFileReference; lastKnownFileType = sourcecode.swift; path = MainView.swift; sourceTree = "<group>"; };
		2CF858C92699C22C00290D47 /* PasoElegirMasa.swift */ = {isa = PBXFileReference; lastKnownFileType = sourcecode.swift; path = PasoElegirMasa.swift; sourceTree = "<group>"; };
		2CF858CF2699C23E00290D47 /* PasoElegirTamano.swift */ = {isa = PBXFileReference; lastKnownFileType = sourcecode.swift; path = PasoElegirTamano.swift; sourceTree = "<group>"; };
		2CF858D52699C25A00290D47 /* PasoElegirPizza.swift */ = {isa = PBXFileReference; lastKnownFileType = sourcecode.swift; path = PasoElegirPizza.swift; sourceTree = "<group>"; };
		2CF858DF2699C27000290D47 /* PasoElegirQueso.swift */ = {isa = PBXFileReference; lastKnownFileType = sourcecode.swift; path = PasoElegirQueso.swift; sourceTree = "<group>"; };
		2CF858E52699C29900290D47 /* PasoElegirIngredientes.swift */ = {isa = PBXFileReference; lastKnownFileType = sourcecode.swift; path = PasoElegirIngredientes.swift; sourceTree = "<group>"; };
		2CF8593F2699C47D00290D47 /* PizzaItem.swift */ = {isa = PBXFileReference; lastKnownFileType = sourcecode.swift; path = PizzaItem.swift; sourceTree = "<group>"; };
		2CF859492699C58100290D47 /* PizzaItems.swift */ = {isa = PBXFileReference; lastKnownFileType = sourcecode.swift; path = PizzaItems.swift; sourceTree = "<group>"; };
		2CF859512699C7EC00290D47 /* pizza_items.json */ = {isa = PBXFileReference; lastKnownFileType = text.json; path = pizza_items.json; sourceTree = "<group>"; };
		2CFED062269B011300B27249 /* PasoConfirmarPedido.swift */ = {isa = PBXFileReference; lastKnownFileType = sourcecode.swift; path = PasoConfirmarPedido.swift; sourceTree = "<group>"; };
/* End PBXFileReference section */

/* Begin PBXFrameworksBuildPhase section */
		2C89C9612698B18900A18DF3 /* Frameworks */ = {
			isa = PBXFrameworksBuildPhase;
			buildActionMask = 2147483647;
			files = (
			);
			runOnlyForDeploymentPostprocessing = 0;
		};
		2C89C9692698B18A00A18DF3 /* Frameworks */ = {
			isa = PBXFrameworksBuildPhase;
			buildActionMask = 2147483647;
			files = (
			);
			runOnlyForDeploymentPostprocessing = 0;
		};
		2C89C9712698B18A00A18DF3 /* Frameworks */ = {
			isa = PBXFrameworksBuildPhase;
			buildActionMask = 2147483647;
			files = (
			);
			runOnlyForDeploymentPostprocessing = 0;
		};
		2C89C97C2698B18A00A18DF3 /* Frameworks */ = {
			isa = PBXFrameworksBuildPhase;
			buildActionMask = 2147483647;
			files = (
			);
			runOnlyForDeploymentPostprocessing = 0;
		};
/* End PBXFrameworksBuildPhase section */

/* Begin PBXGroup section */
		2C5168FF2699A7690051040F /* Data */ = {
			isa = PBXGroup;
			children = (
				2C5169002699A7C60051040F /* Prgrammer.swift */,
				2CF859502699C7C800290D47 /* JSON */,
			);
			path = Data;
			sourceTree = "<group>";
		};
		2C89C9572698B18700A18DF3 = {
			isa = PBXGroup;
			children = (
				2CED4893269B58FE00A95C05 /* Alerts */,
				2CF858BE2699BC2700290D47 /* Views */,
				2CF8594F2699C7AC00290D47 /* Source */,
				2C89C95C2698B18700A18DF3 /* Shared */,
				2CCACBCF2699DC6900E83173 /* ImagesApp */,
				2C89C9662698B18900A18DF3 /* iOS */,
				2C89C96D2698B18A00A18DF3 /* macOS */,
				2C89C9772698B18A00A18DF3 /* Tests iOS */,
				2C89C9822698B18A00A18DF3 /* Tests macOS */,
				2C89C9652698B18900A18DF3 /* Products */,
			);
			sourceTree = "<group>";
		};
		2C89C95C2698B18700A18DF3 /* Shared */ = {
			isa = PBXGroup;
			children = (
				2CED48A6269B635300A95C05 /* Assets.xcassets */,
				2C89C95D2698B18700A18DF3 /* PrimeraAPPApp.swift */,
			);
			path = Shared;
			sourceTree = "<group>";
		};
		2C89C9652698B18900A18DF3 /* Products */ = {
			isa = PBXGroup;
			children = (
				2C89C9642698B18900A18DF3 /* PrimeraAPP.app */,
				2C89C96C2698B18A00A18DF3 /* PrimeraAPP.app */,
				2C89C9742698B18A00A18DF3 /* Tests iOS.xctest */,
				2C89C97F2698B18A00A18DF3 /* Tests macOS.xctest */,
			);
			name = Products;
			sourceTree = "<group>";
		};
		2C89C9662698B18900A18DF3 /* iOS */ = {
			isa = PBXGroup;
			children = (
				2C89C9672698B18900A18DF3 /* Info.plist */,
			);
			path = iOS;
			sourceTree = "<group>";
		};
		2C89C96D2698B18A00A18DF3 /* macOS */ = {
			isa = PBXGroup;
			children = (
				2C89C96E2698B18A00A18DF3 /* Info.plist */,
				2C89C96F2698B18A00A18DF3 /* macOS.entitlements */,
			);
			path = macOS;
			sourceTree = "<group>";
		};
		2C89C9772698B18A00A18DF3 /* Tests iOS */ = {
			isa = PBXGroup;
			children = (
				2C89C9782698B18A00A18DF3 /* Tests_iOS.swift */,
				2C89C97A2698B18A00A18DF3 /* Info.plist */,
			);
			path = "Tests iOS";
			sourceTree = "<group>";
		};
		2C89C9822698B18A00A18DF3 /* Tests macOS */ = {
			isa = PBXGroup;
			children = (
				2C89C9832698B18A00A18DF3 /* Tests_macOS.swift */,
				2C89C9852698B18A00A18DF3 /* Info.plist */,
			);
			path = "Tests macOS";
			sourceTree = "<group>";
		};
		2CCACBCF2699DC6900E83173 /* ImagesApp */ = {
			isa = PBXGroup;
			children = (
			);
			path = ImagesApp;
			sourceTree = "<group>";
		};
		2CED4893269B58FE00A95C05 /* Alerts */ = {
			isa = PBXGroup;
			children = (
				2CED4894269B591900A95C05 /* TextFieldAlertViewController.swift */,
			);
			path = Alerts;
			sourceTree = "<group>";
		};
		2CF858BE2699BC2700290D47 /* Views */ = {
			isa = PBXGroup;
			children = (
				2CF858BF2699BC3A00290D47 /* MainView.swift */,
				2CF858CF2699C23E00290D47 /* PasoElegirTamano.swift */,
				2CF858C92699C22C00290D47 /* PasoElegirMasa.swift */,
				2CF858D52699C25A00290D47 /* PasoElegirPizza.swift */,
				2CF858DF2699C27000290D47 /* PasoElegirQueso.swift */,
				2CF858E52699C29900290D47 /* PasoElegirIngredientes.swift */,
				2CFED062269B011300B27249 /* PasoConfirmarPedido.swift */,
				2CED4885269B4A1300A95C05 /* NumeroYDireccionView.swift */,
				2C1CC90F2698D030004410CA /* MapView.swift */,
				2CEB38E3269A0332001860D3 /* SeleccionView.swift */,
				2CED48B6269B684700A95C05 /* AcercaDeWebView.swift */,
				2CED48C4269B6A2700A95C05 /* AcercaDeView.swift */,
			);
			path = Views;
			sourceTree = "<group>";
		};
		2CF8591E2699C35300290D47 /* Sojos */ = {
			isa = PBXGroup;
			children = (
				2CF859492699C58100290D47 /* PizzaItems.swift */,
				2CEB38DD2699FAFD001860D3 /* Pizza.swift */,
				2CEB3901269A08CA001860D3 /* Item.swift */,
			);
			path = Sojos;
			sourceTree = "<group>";
		};
		2CF8593E2699C45F00290D47 /* Protocols */ = {
			isa = PBXGroup;
			children = (
				2CF8593F2699C47D00290D47 /* PizzaItem.swift */,
			);
			path = Protocols;
			sourceTree = "<group>";
		};
		2CF8594F2699C7AC00290D47 /* Source */ = {
			isa = PBXGroup;
			children = (
				2CF8593E2699C45F00290D47 /* Protocols */,
				2CF8591E2699C35300290D47 /* Sojos */,
				2C5168FF2699A7690051040F /* Data */,
			);
			path = Source;
			sourceTree = "<group>";
		};
		2CF859502699C7C800290D47 /* JSON */ = {
			isa = PBXGroup;
			children = (
				2CF859512699C7EC00290D47 /* pizza_items.json */,
			);
			path = JSON;
			sourceTree = "<group>";
		};
/* End PBXGroup section */

/* Begin PBXNativeTarget section */
		2C89C9632698B18900A18DF3 /* PrimeraAPP (iOS) */ = {
			isa = PBXNativeTarget;
			buildConfigurationList = 2C89C98E2698B18A00A18DF3 /* Build configuration list for PBXNativeTarget "PrimeraAPP (iOS)" */;
			buildPhases = (
				2C89C9602698B18900A18DF3 /* Sources */,
				2C89C9612698B18900A18DF3 /* Frameworks */,
				2C89C9622698B18900A18DF3 /* Resources */,
			);
			buildRules = (
			);
			dependencies = (
			);
			name = "PrimeraAPP (iOS)";
			productName = "PrimeraAPP (iOS)";
			productReference = 2C89C9642698B18900A18DF3 /* PrimeraAPP.app */;
			productType = "com.apple.product-type.application";
		};
		2C89C96B2698B18A00A18DF3 /* PrimeraAPP (macOS) */ = {
			isa = PBXNativeTarget;
			buildConfigurationList = 2C89C9912698B18A00A18DF3 /* Build configuration list for PBXNativeTarget "PrimeraAPP (macOS)" */;
			buildPhases = (
				2C89C9682698B18A00A18DF3 /* Sources */,
				2C89C9692698B18A00A18DF3 /* Frameworks */,
				2C89C96A2698B18A00A18DF3 /* Resources */,
			);
			buildRules = (
			);
			dependencies = (
			);
			name = "PrimeraAPP (macOS)";
			productName = "PrimeraAPP (macOS)";
			productReference = 2C89C96C2698B18A00A18DF3 /* PrimeraAPP.app */;
			productType = "com.apple.product-type.application";
		};
		2C89C9732698B18A00A18DF3 /* Tests iOS */ = {
			isa = PBXNativeTarget;
			buildConfigurationList = 2C89C9942698B18A00A18DF3 /* Build configuration list for PBXNativeTarget "Tests iOS" */;
			buildPhases = (
				2C89C9702698B18A00A18DF3 /* Sources */,
				2C89C9712698B18A00A18DF3 /* Frameworks */,
				2C89C9722698B18A00A18DF3 /* Resources */,
			);
			buildRules = (
			);
			dependencies = (
				2C89C9762698B18A00A18DF3 /* PBXTargetDependency */,
			);
			name = "Tests iOS";
			productName = "Tests iOS";
			productReference = 2C89C9742698B18A00A18DF3 /* Tests iOS.xctest */;
			productType = "com.apple.product-type.bundle.ui-testing";
		};
		2C89C97E2698B18A00A18DF3 /* Tests macOS */ = {
			isa = PBXNativeTarget;
			buildConfigurationList = 2C89C9972698B18A00A18DF3 /* Build configuration list for PBXNativeTarget "Tests macOS" */;
			buildPhases = (
				2C89C97B2698B18A00A18DF3 /* Sources */,
				2C89C97C2698B18A00A18DF3 /* Frameworks */,
				2C89C97D2698B18A00A18DF3 /* Resources */,
			);
			buildRules = (
			);
			dependencies = (
				2C89C9812698B18A00A18DF3 /* PBXTargetDependency */,
			);
			name = "Tests macOS";
			productName = "Tests macOS";
			productReference = 2C89C97F2698B18A00A18DF3 /* Tests macOS.xctest */;
			productType = "com.apple.product-type.bundle.ui-testing";
		};
/* End PBXNativeTarget section */

/* Begin PBXProject section */
		2C89C9582698B18700A18DF3 /* Project object */ = {
			isa = PBXProject;
			attributes = {
				LastSwiftUpdateCheck = 1240;
				LastUpgradeCheck = 1240;
				TargetAttributes = {
					2C89C9632698B18900A18DF3 = {
						CreatedOnToolsVersion = 12.4;
					};
					2C89C96B2698B18A00A18DF3 = {
						CreatedOnToolsVersion = 12.4;
					};
					2C89C9732698B18A00A18DF3 = {
						CreatedOnToolsVersion = 12.4;
						TestTargetID = 2C89C9632698B18900A18DF3;
					};
					2C89C97E2698B18A00A18DF3 = {
						CreatedOnToolsVersion = 12.4;
						TestTargetID = 2C89C96B2698B18A00A18DF3;
					};
				};
			};
			buildConfigurationList = 2C89C95B2698B18700A18DF3 /* Build configuration list for PBXProject "PrimeraAPP" */;
			compatibilityVersion = "Xcode 9.3";
			developmentRegion = en;
			hasScannedForEncodings = 0;
			knownRegions = (
				en,
				Base,
			);
			mainGroup = 2C89C9572698B18700A18DF3;
			productRefGroup = 2C89C9652698B18900A18DF3 /* Products */;
			projectDirPath = "";
			projectRoot = "";
			targets = (
				2C89C9632698B18900A18DF3 /* PrimeraAPP (iOS) */,
				2C89C96B2698B18A00A18DF3 /* PrimeraAPP (macOS) */,
				2C89C9732698B18A00A18DF3 /* Tests iOS */,
				2C89C97E2698B18A00A18DF3 /* Tests macOS */,
			);
		};
/* End PBXProject section */

/* Begin PBXResourcesBuildPhase section */
		2C89C9622698B18900A18DF3 /* Resources */ = {
			isa = PBXResourcesBuildPhase;
			buildActionMask = 2147483647;
			files = (
				2CED48A7269B635300A95C05 /* Assets.xcassets in Resources */,
			);
			runOnlyForDeploymentPostprocessing = 0;
		};
		2C89C96A2698B18A00A18DF3 /* Resources */ = {
			isa = PBXResourcesBuildPhase;
			buildActionMask = 2147483647;
			files = (
			);
			runOnlyForDeploymentPostprocessing = 0;
		};
		2C89C9722698B18A00A18DF3 /* Resources */ = {
			isa = PBXResourcesBuildPhase;
			buildActionMask = 2147483647;
			files = (
			);
			runOnlyForDeploymentPostprocessing = 0;
		};
		2C89C97D2698B18A00A18DF3 /* Resources */ = {
			isa = PBXResourcesBuildPhase;
			buildActionMask = 2147483647;
			files = (
			);
			runOnlyForDeploymentPostprocessing = 0;
		};
/* End PBXResourcesBuildPhase section */

/* Begin PBXSourcesBuildPhase section */
		2C89C9602698B18900A18DF3 /* Sources */ = {
			isa = PBXSourcesBuildPhase;
			buildActionMask = 2147483647;
			files = (
				2CED4895269B591900A95C05 /* TextFieldAlertViewController.swift in Sources */,
				2CF858E62699C29900290D47 /* PasoElegirIngredientes.swift in Sources */,
				2CEB38E4269A0332001860D3 /* SeleccionView.swift in Sources */,
				2CEB3902269A08CA001860D3 /* Item.swift in Sources */,
				2CEB38DE2699FAFD001860D3 /* Pizza.swift in Sources */,
				2CFED063269B011300B27249 /* PasoConfirmarPedido.swift in Sources */,
				2C5169012699A7C60051040F /* Prgrammer.swift in Sources */,
				2CF8594A2699C58100290D47 /* PizzaItems.swift in Sources */,
				2CF858C02699BC3A00290D47 /* MainView.swift in Sources */,
				2CED48C5269B6A2700A95C05 /* AcercaDeView.swift in Sources */,
				2CF858CA2699C22C00290D47 /* PasoElegirMasa.swift in Sources */,
				2C1CC9102698D030004410CA /* MapView.swift in Sources */,
				2CED48B7269B684700A95C05 /* AcercaDeWebView.swift in Sources */,
				2CED4886269B4A1300A95C05 /* NumeroYDireccionView.swift in Sources */,
				2C89C9862698B18A00A18DF3 /* PrimeraAPPApp.swift in Sources */,
				2CF858D02699C23E00290D47 /* PasoElegirTamano.swift in Sources */,
				2CF859402699C47D00290D47 /* PizzaItem.swift in Sources */,
				2CF858D62699C25A00290D47 /* PasoElegirPizza.swift in Sources */,
				2CF858E02699C27000290D47 /* PasoElegirQueso.swift in Sources */,
			);
			runOnlyForDeploymentPostprocessing = 0;
		};
		2C89C9682698B18A00A18DF3 /* Sources */ = {
			isa = PBXSourcesBuildPhase;
			buildActionMask = 2147483647;
			files = (
				2C5169022699A7C60051040F /* Prgrammer.swift in Sources */,
				2C89C9872698B18A00A18DF3 /* PrimeraAPPApp.swift in Sources */,
			);
			runOnlyForDeploymentPostprocessing = 0;
		};
		2C89C9702698B18A00A18DF3 /* Sources */ = {
			isa = PBXSourcesBuildPhase;
			buildActionMask = 2147483647;
			files = (
				2C89C9792698B18A00A18DF3 /* Tests_iOS.swift in Sources */,
			);
			runOnlyForDeploymentPostprocessing = 0;
		};
		2C89C97B2698B18A00A18DF3 /* Sources */ = {
			isa = PBXSourcesBuildPhase;
			buildActionMask = 2147483647;
			files = (
				2C89C9842698B18A00A18DF3 /* Tests_macOS.swift in Sources */,
			);
			runOnlyForDeploymentPostprocessing = 0;
		};
/* End PBXSourcesBuildPhase section */

/* Begin PBXTargetDependency section */
		2C89C9762698B18A00A18DF3 /* PBXTargetDependency */ = {
			isa = PBXTargetDependency;
			target = 2C89C9632698B18900A18DF3 /* PrimeraAPP (iOS) */;
			targetProxy = 2C89C9752698B18A00A18DF3 /* PBXContainerItemProxy */;
		};
		2C89C9812698B18A00A18DF3 /* PBXTargetDependency */ = {
			isa = PBXTargetDependency;
			target = 2C89C96B2698B18A00A18DF3 /* PrimeraAPP (macOS) */;
			targetProxy = 2C89C9802698B18A00A18DF3 /* PBXContainerItemProxy */;
		};
/* End PBXTargetDependency section */

/* Begin XCBuildConfiguration section */
		2C89C98C2698B18A00A18DF3 /* Debug */ = {
			isa = XCBuildConfiguration;
			buildSettings = {
				ALWAYS_SEARCH_USER_PATHS = NO;
				CLANG_ANALYZER_NONNULL = YES;
				CLANG_ANALYZER_NUMBER_OBJECT_CONVERSION = YES_AGGRESSIVE;
				CLANG_CXX_LANGUAGE_STANDARD = "gnu++14";
				CLANG_CXX_LIBRARY = "libc++";
				CLANG_ENABLE_MODULES = YES;
				CLANG_ENABLE_OBJC_ARC = YES;
				CLANG_ENABLE_OBJC_WEAK = YES;
				CLANG_WARN_BLOCK_CAPTURE_AUTORELEASING = YES;
				CLANG_WARN_BOOL_CONVERSION = YES;
				CLANG_WARN_COMMA = YES;
				CLANG_WARN_CONSTANT_CONVERSION = YES;
				CLANG_WARN_DEPRECATED_OBJC_IMPLEMENTATIONS = YES;
				CLANG_WARN_DIRECT_OBJC_ISA_USAGE = YES_ERROR;
				CLANG_WARN_DOCUMENTATION_COMMENTS = YES;
				CLANG_WARN_EMPTY_BODY = YES;
				CLANG_WARN_ENUM_CONVERSION = YES;
				CLANG_WARN_INFINITE_RECURSION = YES;
				CLANG_WARN_INT_CONVERSION = YES;
				CLANG_WARN_NON_LITERAL_NULL_CONVERSION = YES;
				CLANG_WARN_OBJC_IMPLICIT_RETAIN_SELF = YES;
				CLANG_WARN_OBJC_LITERAL_CONVERSION = YES;
				CLANG_WARN_OBJC_ROOT_CLASS = YES_ERROR;
				CLANG_WARN_QUOTED_INCLUDE_IN_FRAMEWORK_HEADER = YES;
				CLANG_WARN_RANGE_LOOP_ANALYSIS = YES;
				CLANG_WARN_STRICT_PROTOTYPES = YES;
				CLANG_WARN_SUSPICIOUS_MOVE = YES;
				CLANG_WARN_UNGUARDED_AVAILABILITY = YES_AGGRESSIVE;
				CLANG_WARN_UNREACHABLE_CODE = YES;
				CLANG_WARN__DUPLICATE_METHOD_MATCH = YES;
				COPY_PHASE_STRIP = NO;
				DEBUG_INFORMATION_FORMAT = dwarf;
				ENABLE_STRICT_OBJC_MSGSEND = YES;
				ENABLE_TESTABILITY = YES;
				GCC_C_LANGUAGE_STANDARD = gnu11;
				GCC_DYNAMIC_NO_PIC = NO;
				GCC_NO_COMMON_BLOCKS = YES;
				GCC_OPTIMIZATION_LEVEL = 0;
				GCC_PREPROCESSOR_DEFINITIONS = (
					"DEBUG=1",
					"$(inherited)",
				);
				GCC_WARN_64_TO_32_BIT_CONVERSION = YES;
				GCC_WARN_ABOUT_RETURN_TYPE = YES_ERROR;
				GCC_WARN_UNDECLARED_SELECTOR = YES;
				GCC_WARN_UNINITIALIZED_AUTOS = YES_AGGRESSIVE;
				GCC_WARN_UNUSED_FUNCTION = YES;
				GCC_WARN_UNUSED_VARIABLE = YES;
				MTL_ENABLE_DEBUG_INFO = INCLUDE_SOURCE;
				MTL_FAST_MATH = YES;
				ONLY_ACTIVE_ARCH = YES;
				SWIFT_ACTIVE_COMPILATION_CONDITIONS = DEBUG;
				SWIFT_OPTIMIZATION_LEVEL = "-Onone";
			};
			name = Debug;
		};
		2C89C98D2698B18A00A18DF3 /* Release */ = {
			isa = XCBuildConfiguration;
			buildSettings = {
				ALWAYS_SEARCH_USER_PATHS = NO;
				CLANG_ANALYZER_NONNULL = YES;
				CLANG_ANALYZER_NUMBER_OBJECT_CONVERSION = YES_AGGRESSIVE;
				CLANG_CXX_LANGUAGE_STANDARD = "gnu++14";
				CLANG_CXX_LIBRARY = "libc++";
				CLANG_ENABLE_MODULES = YES;
				CLANG_ENABLE_OBJC_ARC = YES;
				CLANG_ENABLE_OBJC_WEAK = YES;
				CLANG_WARN_BLOCK_CAPTURE_AUTORELEASING = YES;
				CLANG_WARN_BOOL_CONVERSION = YES;
				CLANG_WARN_COMMA = YES;
				CLANG_WARN_CONSTANT_CONVERSION = YES;
				CLANG_WARN_DEPRECATED_OBJC_IMPLEMENTATIONS = YES;
				CLANG_WARN_DIRECT_OBJC_ISA_USAGE = YES_ERROR;
				CLANG_WARN_DOCUMENTATION_COMMENTS = YES;
				CLANG_WARN_EMPTY_BODY = YES;
				CLANG_WARN_ENUM_CONVERSION = YES;
				CLANG_WARN_INFINITE_RECURSION = YES;
				CLANG_WARN_INT_CONVERSION = YES;
				CLANG_WARN_NON_LITERAL_NULL_CONVERSION = YES;
				CLANG_WARN_OBJC_IMPLICIT_RETAIN_SELF = YES;
				CLANG_WARN_OBJC_LITERAL_CONVERSION = YES;
				CLANG_WARN_OBJC_ROOT_CLASS = YES_ERROR;
				CLANG_WARN_QUOTED_INCLUDE_IN_FRAMEWORK_HEADER = YES;
				CLANG_WARN_RANGE_LOOP_ANALYSIS = YES;
				CLANG_WARN_STRICT_PROTOTYPES = YES;
				CLANG_WARN_SUSPICIOUS_MOVE = YES;
				CLANG_WARN_UNGUARDED_AVAILABILITY = YES_AGGRESSIVE;
				CLANG_WARN_UNREACHABLE_CODE = YES;
				CLANG_WARN__DUPLICATE_METHOD_MATCH = YES;
				COPY_PHASE_STRIP = NO;
				DEBUG_INFORMATION_FORMAT = "dwarf-with-dsym";
				ENABLE_NS_ASSERTIONS = NO;
				ENABLE_STRICT_OBJC_MSGSEND = YES;
				GCC_C_LANGUAGE_STANDARD = gnu11;
				GCC_NO_COMMON_BLOCKS = YES;
				GCC_WARN_64_TO_32_BIT_CONVERSION = YES;
				GCC_WARN_ABOUT_RETURN_TYPE = YES_ERROR;
				GCC_WARN_UNDECLARED_SELECTOR = YES;
				GCC_WARN_UNINITIALIZED_AUTOS = YES_AGGRESSIVE;
				GCC_WARN_UNUSED_FUNCTION = YES;
				GCC_WARN_UNUSED_VARIABLE = YES;
				MTL_ENABLE_DEBUG_INFO = NO;
				MTL_FAST_MATH = YES;
				SWIFT_COMPILATION_MODE = wholemodule;
				SWIFT_OPTIMIZATION_LEVEL = "-O";
			};
			name = Release;
		};
		2C89C98F2698B18A00A18DF3 /* Debug */ = {
			isa = XCBuildConfiguration;
			buildSettings = {
				ASSETCATALOG_COMPILER_APPICON_NAME = AppIcon;
				ASSETCATALOG_COMPILER_GLOBAL_ACCENT_COLOR_NAME = AccentColor;
				CODE_SIGN_STYLE = Automatic;
				ENABLE_PREVIEWS = YES;
				INFOPLIST_FILE = iOS/Info.plist;
				IPHONEOS_DEPLOYMENT_TARGET = 14.0;
				LD_RUNPATH_SEARCH_PATHS = (
					"$(inherited)",
					"@executable_path/Frameworks",
				);
				PRODUCT_BUNDLE_IDENTIFIER = UCAM.TemandoPizza;
				PRODUCT_NAME = PrimeraAPP;
				SDKROOT = iphoneos;
				SWIFT_VERSION = 5.0;
				TARGETED_DEVICE_FAMILY = "1,2";
			};
			name = Debug;
		};
		2C89C9902698B18A00A18DF3 /* Release */ = {
			isa = XCBuildConfiguration;
			buildSettings = {
				ASSETCATALOG_COMPILER_APPICON_NAME = AppIcon;
				ASSETCATALOG_COMPILER_GLOBAL_ACCENT_COLOR_NAME = AccentColor;
				CODE_SIGN_STYLE = Automatic;
				ENABLE_PREVIEWS = YES;
				INFOPLIST_FILE = iOS/Info.plist;
				IPHONEOS_DEPLOYMENT_TARGET = 14.0;
				LD_RUNPATH_SEARCH_PATHS = (
					"$(inherited)",
					"@executable_path/Frameworks",
				);
				PRODUCT_BUNDLE_IDENTIFIER = UCAM.TemandoPizza;
				PRODUCT_NAME = PrimeraAPP;
				SDKROOT = iphoneos;
				SWIFT_VERSION = 5.0;
				TARGETED_DEVICE_FAMILY = "1,2";
				VALIDATE_PRODUCT = YES;
			};
			name = Release;
		};
		2C89C9922698B18A00A18DF3 /* Debug */ = {
			isa = XCBuildConfiguration;
			buildSettings = {
				ASSETCATALOG_COMPILER_APPICON_NAME = AppIcon;
				ASSETCATALOG_COMPILER_GLOBAL_ACCENT_COLOR_NAME = AccentColor;
				CODE_SIGN_ENTITLEMENTS = macOS/macOS.entitlements;
				CODE_SIGN_STYLE = Automatic;
				COMBINE_HIDPI_IMAGES = YES;
				ENABLE_PREVIEWS = YES;
				INFOPLIST_FILE = macOS/Info.plist;
				LD_RUNPATH_SEARCH_PATHS = (
					"$(inherited)",
					"@executable_path/../Frameworks",
				);
				MACOSX_DEPLOYMENT_TARGET = 11.0;
				PRODUCT_BUNDLE_IDENTIFIER = UCAM.PrimeraAPP;
				PRODUCT_NAME = PrimeraAPP;
				SDKROOT = macosx;
				SWIFT_VERSION = 5.0;
			};
			name = Debug;
		};
		2C89C9932698B18A00A18DF3 /* Release */ = {
			isa = XCBuildConfiguration;
			buildSettings = {
				ASSETCATALOG_COMPILER_APPICON_NAME = AppIcon;
				ASSETCATALOG_COMPILER_GLOBAL_ACCENT_COLOR_NAME = AccentColor;
				CODE_SIGN_ENTITLEMENTS = macOS/macOS.entitlements;
				CODE_SIGN_STYLE = Automatic;
				COMBINE_HIDPI_IMAGES = YES;
				ENABLE_PREVIEWS = YES;
				INFOPLIST_FILE = macOS/Info.plist;
				LD_RUNPATH_SEARCH_PATHS = (
					"$(inherited)",
					"@executable_path/../Frameworks",
				);
				MACOSX_DEPLOYMENT_TARGET = 11.0;
				PRODUCT_BUNDLE_IDENTIFIER = UCAM.PrimeraAPP;
				PRODUCT_NAME = PrimeraAPP;
				SDKROOT = macosx;
				SWIFT_VERSION = 5.0;
			};
			name = Release;
		};
		2C89C9952698B18A00A18DF3 /* Debug */ = {
			isa = XCBuildConfiguration;
			buildSettings = {
				ALWAYS_EMBED_SWIFT_STANDARD_LIBRARIES = YES;
				CODE_SIGN_STYLE = Automatic;
				INFOPLIST_FILE = "Tests iOS/Info.plist";
				IPHONEOS_DEPLOYMENT_TARGET = 14.4;
				LD_RUNPATH_SEARCH_PATHS = (
					"$(inherited)",
					"@executable_path/Frameworks",
					"@loader_path/Frameworks",
				);
				PRODUCT_BUNDLE_IDENTIFIER = "UCAM.Tests-iOS";
				PRODUCT_NAME = "$(TARGET_NAME)";
				SDKROOT = iphoneos;
				SWIFT_VERSION = 5.0;
				TARGETED_DEVICE_FAMILY = "1,2";
				TEST_TARGET_NAME = "PrimeraAPP (iOS)";
			};
			name = Debug;
		};
		2C89C9962698B18A00A18DF3 /* Release */ = {
			isa = XCBuildConfiguration;
			buildSettings = {
				ALWAYS_EMBED_SWIFT_STANDARD_LIBRARIES = YES;
				CODE_SIGN_STYLE = Automatic;
				INFOPLIST_FILE = "Tests iOS/Info.plist";
				IPHONEOS_DEPLOYMENT_TARGET = 14.4;
				LD_RUNPATH_SEARCH_PATHS = (
					"$(inherited)",
					"@executable_path/Frameworks",
					"@loader_path/Frameworks",
				);
				PRODUCT_BUNDLE_IDENTIFIER = "UCAM.Tests-iOS";
				PRODUCT_NAME = "$(TARGET_NAME)";
				SDKROOT = iphoneos;
				SWIFT_VERSION = 5.0;
				TARGETED_DEVICE_FAMILY = "1,2";
				TEST_TARGET_NAME = "PrimeraAPP (iOS)";
				VALIDATE_PRODUCT = YES;
			};
			name = Release;
		};
		2C89C9982698B18A00A18DF3 /* Debug */ = {
			isa = XCBuildConfiguration;
			buildSettings = {
				ALWAYS_EMBED_SWIFT_STANDARD_LIBRARIES = YES;
				CODE_SIGN_STYLE = Automatic;
				COMBINE_HIDPI_IMAGES = YES;
				INFOPLIST_FILE = "Tests macOS/Info.plist";
				LD_RUNPATH_SEARCH_PATHS = (
					"$(inherited)",
					"@executable_path/../Frameworks",
					"@loader_path/../Frameworks",
				);
				MACOSX_DEPLOYMENT_TARGET = 11.0;
				PRODUCT_BUNDLE_IDENTIFIER = "UCAM.Tests-macOS";
				PRODUCT_NAME = "$(TARGET_NAME)";
				SDKROOT = macosx;
				SWIFT_VERSION = 5.0;
				TEST_TARGET_NAME = "PrimeraAPP (macOS)";
			};
			name = Debug;
		};
		2C89C9992698B18A00A18DF3 /* Release */ = {
			isa = XCBuildConfiguration;
			buildSettings = {
				ALWAYS_EMBED_SWIFT_STANDARD_LIBRARIES = YES;
				CODE_SIGN_STYLE = Automatic;
				COMBINE_HIDPI_IMAGES = YES;
				INFOPLIST_FILE = "Tests macOS/Info.plist";
				LD_RUNPATH_SEARCH_PATHS = (
					"$(inherited)",
					"@executable_path/../Frameworks",
					"@loader_path/../Frameworks",
				);
				MACOSX_DEPLOYMENT_TARGET = 11.0;
				PRODUCT_BUNDLE_IDENTIFIER = "UCAM.Tests-macOS";
				PRODUCT_NAME = "$(TARGET_NAME)";
				SDKROOT = macosx;
				SWIFT_VERSION = 5.0;
				TEST_TARGET_NAME = "PrimeraAPP (macOS)";
			};
			name = Release;
		};
/* End XCBuildConfiguration section */

/* Begin XCConfigurationList section */
		2C89C95B2698B18700A18DF3 /* Build configuration list for PBXProject "PrimeraAPP" */ = {
			isa = XCConfigurationList;
			buildConfigurations = (
				2C89C98C2698B18A00A18DF3 /* Debug */,
				2C89C98D2698B18A00A18DF3 /* Release */,
			);
			defaultConfigurationIsVisible = 0;
			defaultConfigurationName = Release;
		};
		2C89C98E2698B18A00A18DF3 /* Build configuration list for PBXNativeTarget "PrimeraAPP (iOS)" */ = {
			isa = XCConfigurationList;
			buildConfigurations = (
				2C89C98F2698B18A00A18DF3 /* Debug */,
				2C89C9902698B18A00A18DF3 /* Release */,
			);
			defaultConfigurationIsVisible = 0;
			defaultConfigurationName = Release;
		};
		2C89C9912698B18A00A18DF3 /* Build configuration list for PBXNativeTarget "PrimeraAPP (macOS)" */ = {
			isa = XCConfigurationList;
			buildConfigurations = (
				2C89C9922698B18A00A18DF3 /* Debug */,
				2C89C9932698B18A00A18DF3 /* Release */,
			);
			defaultConfigurationIsVisible = 0;
			defaultConfigurationName = Release;
		};
		2C89C9942698B18A00A18DF3 /* Build configuration list for PBXNativeTarget "Tests iOS" */ = {
			isa = XCConfigurationList;
			buildConfigurations = (
				2C89C9952698B18A00A18DF3 /* Debug */,
				2C89C9962698B18A00A18DF3 /* Release */,
			);
			defaultConfigurationIsVisible = 0;
			defaultConfigurationName = Release;
		};
		2C89C9972698B18A00A18DF3 /* Build configuration list for PBXNativeTarget "Tests macOS" */ = {
			isa = XCConfigurationList;
			buildConfigurations = (
				2C89C9982698B18A00A18DF3 /* Debug */,
				2C89C9992698B18A00A18DF3 /* Release */,
			);
			defaultConfigurationIsVisible = 0;
			defaultConfigurationName = Release;
		};
/* End XCConfigurationList section */
	};
	rootObject = 2C89C9582698B18700A18DF3 /* Project object */;
}
